
Microsoft Visual Studio Solution File, Format Version 12.00
# Visual Studio 15
Project("{FAE04EC0-301F-11D3-BF4B-00C04F79EFBC}") = "Assembly-CSharp-Editor", "Assembly-CSharp-Editor.csproj", "{4DDB66D7-ADC1-62C4-3649-3E87931B6EBD}"
EndProject
Project("{FAE04EC0-301F-11D3-BF4B-00C04F79EFBC}") = "Assembly-CSharp", "Assembly-CSharp.csproj", "{1C023DEA-E358-B4B9-7287-6A71E88C5FD0}"
EndProject
Global
	GlobalSection(SolutionConfigurationPlatforms) = preSolution
		Debug|Any CPU = Debug|Any CPU
		Release|Any CPU = Release|Any CPU
	EndGlobalSection
	GlobalSection(ProjectConfigurationPlatforms) = postSolution
		{4DDB66D7-ADC1-62C4-3649-3E87931B6EBD}.Debug|Any CPU.ActiveCfg = Debug|Any CPU
		{4DDB66D7-ADC1-62C4-3649-3E87931B6EBD}.Debug|Any CPU.Build.0 = Debug|Any CPU
		{4DDB66D7-ADC1-62C4-3649-3E87931B6EBD}.Release|Any CPU.ActiveCfg = Release|Any CPU
		{4DDB66D7-ADC1-62C4-3649-3E87931B6EBD}.Release|Any CPU.Build.0 = Release|Any CPU
		{1C023DEA-E358-B4B9-7287-6A71E88C5FD0}.Debug|Any CPU.ActiveCfg = Debug|Any CPU
		{1C023DEA-E358-B4B9-7287-6A71E88C5FD0}.Debug|Any CPU.Build.0 = Debug|Any CPU
		{1C023DEA-E358-B4B9-7287-6A71E88C5FD0}.Release|Any CPU.ActiveCfg = Release|Any CPU
		{1C023DEA-E358-B4B9-7287-6A71E88C5FD0}.Release|Any CPU.Build.0 = Release|Any CPU
	EndGlobalSection
	GlobalSection(SolutionProperties) = preSolution
		HideSolutionNode = FALSE
	EndGlobalSection
EndGlobal
